// !$*UTF8*$!
{
	archiveVersion = 1;
	classes = {
	};
	objectVersion = 56;
	objects = {

/* Begin PBXBuildFile section */
		1823297D2BD26B0E0023030B /* DiaryTabView.swift in Sources */ = {isa = PBXBuildFile; fileRef = 1823297C2BD26B0E0023030B /* DiaryTabView.swift */; };
		182329822BD2AF5E0023030B /* DiaryDetailsView.swift in Sources */ = {isa = PBXBuildFile; fileRef = 182329812BD2AF5E0023030B /* DiaryDetailsView.swift */; };
		182329842BD2AF730023030B /* EarthquakeDetailsView.swift in Sources */ = {isa = PBXBuildFile; fileRef = 182329832BD2AF730023030B /* EarthquakeDetailsView.swift */; };
		182329862BD2AF9B0023030B /* LoginDetailsView.swift in Sources */ = {isa = PBXBuildFile; fileRef = 182329852BD2AF9B0023030B /* LoginDetailsView.swift */; };
		182847872BD11D61004BAF5B /* DiaryContentView.swift in Sources */ = {isa = PBXBuildFile; fileRef = 182847862BD11D61004BAF5B /* DiaryContentView.swift */; };
		182847892BD12590004BAF5B /* ToastView.swift in Sources */ = {isa = PBXBuildFile; fileRef = 182847882BD12590004BAF5B /* ToastView.swift */; };
		1828478B2BD144E8004BAF5B /* Localizable.xcstrings in Resources */ = {isa = PBXBuildFile; fileRef = 1828478A2BD144E8004BAF5B /* Localizable.xcstrings */; };
		1828478E2BD16F2B004BAF5B /* Fonts.swift in Sources */ = {isa = PBXBuildFile; fileRef = 1828478D2BD16F2B004BAF5B /* Fonts.swift */; };
		182913C42BC94550001F6161 /* LoaderView.swift in Sources */ = {isa = PBXBuildFile; fileRef = 182913C32BC94550001F6161 /* LoaderView.swift */; };
		182913CC2BC96CC3001F6161 /* CustomViewModifiers.swift in Sources */ = {isa = PBXBuildFile; fileRef = 182913CB2BC96CC3001F6161 /* CustomViewModifiers.swift */; };
		18363AAD2BCBD8F7004ECC3C /* HoldButton.swift in Sources */ = {isa = PBXBuildFile; fileRef = 18363AAC2BCBD8F7004ECC3C /* HoldButton.swift */; };
		18363AAF2BCBE673004ECC3C /* UIDevice+Extension.swift in Sources */ = {isa = PBXBuildFile; fileRef = 18363AAE2BCBE673004ECC3C /* UIDevice+Extension.swift */; };
		18665B1B2BC549BA004E86DF /* LoginView.swift in Sources */ = {isa = PBXBuildFile; fileRef = 18665B1A2BC549BA004E86DF /* LoginView.swift */; };
		1877AD0A2BC2A48A00F6741B /* DiaryApp.swift in Sources */ = {isa = PBXBuildFile; fileRef = 1877AD092BC2A48A00F6741B /* DiaryApp.swift */; };
		1877AD0C2BC2A48A00F6741B /* ContentView.swift in Sources */ = {isa = PBXBuildFile; fileRef = 1877AD0B2BC2A48A00F6741B /* ContentView.swift */; };
		1877AD0E2BC2A48B00F6741B /* Assets.xcassets in Resources */ = {isa = PBXBuildFile; fileRef = 1877AD0D2BC2A48B00F6741B /* Assets.xcassets */; };
		1877AD112BC2A48B00F6741B /* Preview Assets.xcassets in Resources */ = {isa = PBXBuildFile; fileRef = 1877AD102BC2A48B00F6741B /* Preview Assets.xcassets */; };
		1877AD132BC2A48B00F6741B /* Persistence.swift in Sources */ = {isa = PBXBuildFile; fileRef = 1877AD122BC2A48B00F6741B /* Persistence.swift */; };
		1877AD162BC2A48B00F6741B /* Diary.xcdatamodeld in Sources */ = {isa = PBXBuildFile; fileRef = 1877AD142BC2A48B00F6741B /* Diary.xcdatamodeld */; };
		1877AD202BC2A48B00F6741B /* DiaryTests.swift in Sources */ = {isa = PBXBuildFile; fileRef = 1877AD1F2BC2A48B00F6741B /* DiaryTests.swift */; };
		1877AD2A2BC2A48B00F6741B /* DiaryUITests.swift in Sources */ = {isa = PBXBuildFile; fileRef = 1877AD292BC2A48B00F6741B /* DiaryUITests.swift */; };
		1877AD2C2BC2A48B00F6741B /* DiaryUITestsLaunchTests.swift in Sources */ = {isa = PBXBuildFile; fileRef = 1877AD2B2BC2A48B00F6741B /* DiaryUITestsLaunchTests.swift */; };
		1877AD3B2BC2ADE900F6741B /* LaunchScreenView.swift in Sources */ = {isa = PBXBuildFile; fileRef = 1877AD3A2BC2ADE900F6741B /* LaunchScreenView.swift */; };
		1877AD3D2BC2DEDD00F6741B /* TestView.swift in Sources */ = {isa = PBXBuildFile; fileRef = 1877AD3C2BC2DEDD00F6741B /* TestView.swift */; };
		18883F1F2BD00F4D004925A5 /* NetworkMonitor.swift in Sources */ = {isa = PBXBuildFile; fileRef = 18883F1E2BD00F4D004925A5 /* NetworkMonitor.swift */; };
		18BD0C7D2BCE854C00A81857 /* Color+Extension.swift in Sources */ = {isa = PBXBuildFile; fileRef = 18BD0C7C2BCE854C00A81857 /* Color+Extension.swift */; };
/* End PBXBuildFile section */

/* Begin PBXContainerItemProxy section */
		1877AD1C2BC2A48B00F6741B /* PBXContainerItemProxy */ = {
			isa = PBXContainerItemProxy;
			containerPortal = 1877ACFE2BC2A48A00F6741B /* Project object */;
			proxyType = 1;
			remoteGlobalIDString = 1877AD052BC2A48A00F6741B;
			remoteInfo = Diary;
		};
		1877AD262BC2A48B00F6741B /* PBXContainerItemProxy */ = {
			isa = PBXContainerItemProxy;
			containerPortal = 1877ACFE2BC2A48A00F6741B /* Project object */;
			proxyType = 1;
			remoteGlobalIDString = 1877AD052BC2A48A00F6741B;
			remoteInfo = Diary;
		};
/* End PBXContainerItemProxy section */

/* Begin PBXFileReference section */
		1823297C2BD26B0E0023030B /* DiaryTabView.swift */ = {isa = PBXFileReference; lastKnownFileType = sourcecode.swift; path = DiaryTabView.swift; sourceTree = "<group>"; };
		182329812BD2AF5E0023030B /* DiaryDetailsView.swift */ = {isa = PBXFileReference; lastKnownFileType = sourcecode.swift; path = DiaryDetailsView.swift; sourceTree = "<group>"; };
		182329832BD2AF730023030B /* EarthquakeDetailsView.swift */ = {isa = PBXFileReference; lastKnownFileType = sourcecode.swift; path = EarthquakeDetailsView.swift; sourceTree = "<group>"; };
		182329852BD2AF9B0023030B /* LoginDetailsView.swift */ = {isa = PBXFileReference; lastKnownFileType = sourcecode.swift; path = LoginDetailsView.swift; sourceTree = "<group>"; };
		182847862BD11D61004BAF5B /* DiaryContentView.swift */ = {isa = PBXFileReference; lastKnownFileType = sourcecode.swift; path = DiaryContentView.swift; sourceTree = "<group>"; };
		182847882BD12590004BAF5B /* ToastView.swift */ = {isa = PBXFileReference; lastKnownFileType = sourcecode.swift; path = ToastView.swift; sourceTree = "<group>"; };
		1828478A2BD144E8004BAF5B /* Localizable.xcstrings */ = {isa = PBXFileReference; lastKnownFileType = text.json.xcstrings; path = Localizable.xcstrings; sourceTree = "<group>"; };
		1828478D2BD16F2B004BAF5B /* Fonts.swift */ = {isa = PBXFileReference; lastKnownFileType = sourcecode.swift; path = Fonts.swift; sourceTree = "<group>"; };
		182913C32BC94550001F6161 /* LoaderView.swift */ = {isa = PBXFileReference; lastKnownFileType = sourcecode.swift; path = LoaderView.swift; sourceTree = "<group>"; };
		182913C52BC94885001F6161 /* Diary.xctestplan */ = {isa = PBXFileReference; lastKnownFileType = text; path = Diary.xctestplan; sourceTree = "<group>"; };
		182913CB2BC96CC3001F6161 /* CustomViewModifiers.swift */ = {isa = PBXFileReference; lastKnownFileType = sourcecode.swift; path = CustomViewModifiers.swift; sourceTree = "<group>"; };
		18363AAC2BCBD8F7004ECC3C /* HoldButton.swift */ = {isa = PBXFileReference; lastKnownFileType = sourcecode.swift; path = HoldButton.swift; sourceTree = "<group>"; };
		18363AAE2BCBE673004ECC3C /* UIDevice+Extension.swift */ = {isa = PBXFileReference; lastKnownFileType = sourcecode.swift; path = "UIDevice+Extension.swift"; sourceTree = "<group>"; };
		18665B1A2BC549BA004E86DF /* LoginView.swift */ = {isa = PBXFileReference; lastKnownFileType = sourcecode.swift; path = LoginView.swift; sourceTree = "<group>"; };
		1877AD062BC2A48A00F6741B /* Diary.app */ = {isa = PBXFileReference; explicitFileType = wrapper.application; includeInIndex = 0; path = Diary.app; sourceTree = BUILT_PRODUCTS_DIR; };
		1877AD092BC2A48A00F6741B /* DiaryApp.swift */ = {isa = PBXFileReference; lastKnownFileType = sourcecode.swift; path = DiaryApp.swift; sourceTree = "<group>"; };
		1877AD0B2BC2A48A00F6741B /* ContentView.swift */ = {isa = PBXFileReference; lastKnownFileType = sourcecode.swift; path = ContentView.swift; sourceTree = "<group>"; };
		1877AD0D2BC2A48B00F6741B /* Assets.xcassets */ = {isa = PBXFileReference; lastKnownFileType = folder.assetcatalog; path = Assets.xcassets; sourceTree = "<group>"; };
		1877AD102BC2A48B00F6741B /* Preview Assets.xcassets */ = {isa = PBXFileReference; lastKnownFileType = folder.assetcatalog; path = "Preview Assets.xcassets"; sourceTree = "<group>"; };
		1877AD122BC2A48B00F6741B /* Persistence.swift */ = {isa = PBXFileReference; lastKnownFileType = sourcecode.swift; path = Persistence.swift; sourceTree = "<group>"; };
		1877AD152BC2A48B00F6741B /* Diary.xcdatamodel */ = {isa = PBXFileReference; lastKnownFileType = wrapper.xcdatamodel; path = Diary.xcdatamodel; sourceTree = "<group>"; };
		1877AD1B2BC2A48B00F6741B /* DiaryTests.xctest */ = {isa = PBXFileReference; explicitFileType = wrapper.cfbundle; includeInIndex = 0; path = DiaryTests.xctest; sourceTree = BUILT_PRODUCTS_DIR; };
		1877AD1F2BC2A48B00F6741B /* DiaryTests.swift */ = {isa = PBXFileReference; lastKnownFileType = sourcecode.swift; path = DiaryTests.swift; sourceTree = "<group>"; };
		1877AD252BC2A48B00F6741B /* DiaryUITests.xctest */ = {isa = PBXFileReference; explicitFileType = wrapper.cfbundle; includeInIndex = 0; path = DiaryUITests.xctest; sourceTree = BUILT_PRODUCTS_DIR; };
		1877AD292BC2A48B00F6741B /* DiaryUITests.swift */ = {isa = PBXFileReference; lastKnownFileType = sourcecode.swift; path = DiaryUITests.swift; sourceTree = "<group>"; };
		1877AD2B2BC2A48B00F6741B /* DiaryUITestsLaunchTests.swift */ = {isa = PBXFileReference; lastKnownFileType = sourcecode.swift; path = DiaryUITestsLaunchTests.swift; sourceTree = "<group>"; };
		1877AD382BC2A8CA00F6741B /* Info.plist */ = {isa = PBXFileReference; lastKnownFileType = text.plist; path = Info.plist; sourceTree = "<group>"; };
		1877AD3A2BC2ADE900F6741B /* LaunchScreenView.swift */ = {isa = PBXFileReference; lastKnownFileType = sourcecode.swift; path = LaunchScreenView.swift; sourceTree = "<group>"; };
		1877AD3C2BC2DEDD00F6741B /* TestView.swift */ = {isa = PBXFileReference; lastKnownFileType = sourcecode.swift; path = TestView.swift; sourceTree = "<group>"; };
		18883F1E2BD00F4D004925A5 /* NetworkMonitor.swift */ = {isa = PBXFileReference; lastKnownFileType = sourcecode.swift; path = NetworkMonitor.swift; sourceTree = "<group>"; };
		18BD0C7C2BCE854C00A81857 /* Color+Extension.swift */ = {isa = PBXFileReference; lastKnownFileType = sourcecode.swift; path = "Color+Extension.swift"; sourceTree = "<group>"; };
/* End PBXFileReference section */

/* Begin PBXFrameworksBuildPhase section */
		1877AD032BC2A48A00F6741B /* Frameworks */ = {
			isa = PBXFrameworksBuildPhase;
			buildActionMask = 2147483647;
			files = (
			);
			runOnlyForDeploymentPostprocessing = 0;
		};
		1877AD182BC2A48B00F6741B /* Frameworks */ = {
			isa = PBXFrameworksBuildPhase;
			buildActionMask = 2147483647;
			files = (
			);
			runOnlyForDeploymentPostprocessing = 0;
		};
		1877AD222BC2A48B00F6741B /* Frameworks */ = {
			isa = PBXFrameworksBuildPhase;
			buildActionMask = 2147483647;
			files = (
			);
			runOnlyForDeploymentPostprocessing = 0;
		};
/* End PBXFrameworksBuildPhase section */

/* Begin PBXGroup section */
		1828478C2BD144FE004BAF5B /* CustomViews */ = {
			isa = PBXGroup;
			children = (
				182913C32BC94550001F6161 /* LoaderView.swift */,
				182847882BD12590004BAF5B /* ToastView.swift */,
				18363AAC2BCBD8F7004ECC3C /* HoldButton.swift */,
			);
			path = CustomViews;
			sourceTree = "<group>";
		};
		182913C62BC948D0001F6161 /* DiaryTestPlan */ = {
			isa = PBXGroup;
			children = (
				182913C52BC94885001F6161 /* Diary.xctestplan */,
			);
			path = DiaryTestPlan;
			sourceTree = "<group>";
		};
		182913C72BC96BD8001F6161 /* Helper */ = {
			isa = PBXGroup;
			children = (
				182913CB2BC96CC3001F6161 /* CustomViewModifiers.swift */,
				18883F1E2BD00F4D004925A5 /* NetworkMonitor.swift */,
				1828478D2BD16F2B004BAF5B /* Fonts.swift */,
			);
			path = Helper;
			sourceTree = "<group>";
		};
		182913C82BC96C4E001F6161 /* Extensions */ = {
			isa = PBXGroup;
			children = (
				18363AAE2BCBE673004ECC3C /* UIDevice+Extension.swift */,
				18BD0C7C2BCE854C00A81857 /* Color+Extension.swift */,
			);
			path = Extensions;
			sourceTree = "<group>";
		};
		1877ACFD2BC2A48A00F6741B = {
			isa = PBXGroup;
			children = (
				1877AD082BC2A48A00F6741B /* Diary */,
				1877AD1E2BC2A48B00F6741B /* DiaryTests */,
				1877AD282BC2A48B00F6741B /* DiaryUITests */,
				182913C62BC948D0001F6161 /* DiaryTestPlan */,
				1877AD072BC2A48A00F6741B /* Products */,
			);
			sourceTree = "<group>";
		};
		1877AD072BC2A48A00F6741B /* Products */ = {
			isa = PBXGroup;
			children = (
				1877AD062BC2A48A00F6741B /* Diary.app */,
				1877AD1B2BC2A48B00F6741B /* DiaryTests.xctest */,
				1877AD252BC2A48B00F6741B /* DiaryUITests.xctest */,
			);
			name = Products;
			sourceTree = "<group>";
		};
		1877AD082BC2A48A00F6741B /* Diary */ = {
			isa = PBXGroup;
			children = (
				1877AD392BC2ADB200F6741B /* Views */,
				1828478C2BD144FE004BAF5B /* CustomViews */,
				182913C72BC96BD8001F6161 /* Helper */,
				182913C82BC96C4E001F6161 /* Extensions */,
				1877AD382BC2A8CA00F6741B /* Info.plist */,
				1877AD092BC2A48A00F6741B /* DiaryApp.swift */,
				1877AD0B2BC2A48A00F6741B /* ContentView.swift */,
				1877AD0D2BC2A48B00F6741B /* Assets.xcassets */,
				1877AD122BC2A48B00F6741B /* Persistence.swift */,
				1877AD142BC2A48B00F6741B /* Diary.xcdatamodeld */,
				1877AD0F2BC2A48B00F6741B /* Preview Content */,
				1877AD3C2BC2DEDD00F6741B /* TestView.swift */,
				1828478A2BD144E8004BAF5B /* Localizable.xcstrings */,
			);
			path = Diary;
			sourceTree = "<group>";
		};
		1877AD0F2BC2A48B00F6741B /* Preview Content */ = {
			isa = PBXGroup;
			children = (
				1877AD102BC2A48B00F6741B /* Preview Assets.xcassets */,
			);
			path = "Preview Content";
			sourceTree = "<group>";
		};
		1877AD1E2BC2A48B00F6741B /* DiaryTests */ = {
			isa = PBXGroup;
			children = (
				1877AD1F2BC2A48B00F6741B /* DiaryTests.swift */,
			);
			path = DiaryTests;
			sourceTree = "<group>";
		};
		1877AD282BC2A48B00F6741B /* DiaryUITests */ = {
			isa = PBXGroup;
			children = (
				1877AD292BC2A48B00F6741B /* DiaryUITests.swift */,
				1877AD2B2BC2A48B00F6741B /* DiaryUITestsLaunchTests.swift */,
			);
			path = DiaryUITests;
			sourceTree = "<group>";
		};
		1877AD392BC2ADB200F6741B /* Views */ = {
			isa = PBXGroup;
			children = (
				1877AD3A2BC2ADE900F6741B /* LaunchScreenView.swift */,
				18665B1A2BC549BA004E86DF /* LoginView.swift */,
				182847862BD11D61004BAF5B /* DiaryContentView.swift */,
				1823297C2BD26B0E0023030B /* DiaryTabView.swift */,
				182329812BD2AF5E0023030B /* DiaryDetailsView.swift */,
				182329832BD2AF730023030B /* EarthquakeDetailsView.swift */,
				182329852BD2AF9B0023030B /* LoginDetailsView.swift */,
			);
			path = Views;
			sourceTree = "<group>";
		};
/* End PBXGroup section */

/* Begin PBXNativeTarget section */
		1877AD052BC2A48A00F6741B /* Diary */ = {
			isa = PBXNativeTarget;
			buildConfigurationList = 1877AD2F2BC2A48B00F6741B /* Build configuration list for PBXNativeTarget "Diary" */;
			buildPhases = (
				1877AD022BC2A48A00F6741B /* Sources */,
				1877AD032BC2A48A00F6741B /* Frameworks */,
				1877AD042BC2A48A00F6741B /* Resources */,
			);
			buildRules = (
			);
			dependencies = (
			);
			name = Diary;
			productName = Diary;
			productReference = 1877AD062BC2A48A00F6741B /* Diary.app */;
			productType = "com.apple.product-type.application";
		};
		1877AD1A2BC2A48B00F6741B /* DiaryTests */ = {
			isa = PBXNativeTarget;
			buildConfigurationList = 1877AD322BC2A48B00F6741B /* Build configuration list for PBXNativeTarget "DiaryTests" */;
			buildPhases = (
				1877AD172BC2A48B00F6741B /* Sources */,
				1877AD182BC2A48B00F6741B /* Frameworks */,
				1877AD192BC2A48B00F6741B /* Resources */,
			);
			buildRules = (
			);
			dependencies = (
				1877AD1D2BC2A48B00F6741B /* PBXTargetDependency */,
			);
			name = DiaryTests;
			productName = DiaryTests;
			productReference = 1877AD1B2BC2A48B00F6741B /* DiaryTests.xctest */;
			productType = "com.apple.product-type.bundle.unit-test";
		};
		1877AD242BC2A48B00F6741B /* DiaryUITests */ = {
			isa = PBXNativeTarget;
			buildConfigurationList = 1877AD352BC2A48B00F6741B /* Build configuration list for PBXNativeTarget "DiaryUITests" */;
			buildPhases = (
				1877AD212BC2A48B00F6741B /* Sources */,
				1877AD222BC2A48B00F6741B /* Frameworks */,
				1877AD232BC2A48B00F6741B /* Resources */,
			);
			buildRules = (
			);
			dependencies = (
				1877AD272BC2A48B00F6741B /* PBXTargetDependency */,
			);
			name = DiaryUITests;
			productName = DiaryUITests;
			productReference = 1877AD252BC2A48B00F6741B /* DiaryUITests.xctest */;
			productType = "com.apple.product-type.bundle.ui-testing";
		};
/* End PBXNativeTarget section */

/* Begin PBXProject section */
		1877ACFE2BC2A48A00F6741B /* Project object */ = {
			isa = PBXProject;
			attributes = {
				BuildIndependentTargetsInParallel = 1;
				LastSwiftUpdateCheck = 1520;
				LastUpgradeCheck = 1520;
				TargetAttributes = {
					1877AD052BC2A48A00F6741B = {
						CreatedOnToolsVersion = 15.2;
					};
					1877AD1A2BC2A48B00F6741B = {
						CreatedOnToolsVersion = 15.2;
						TestTargetID = 1877AD052BC2A48A00F6741B;
					};
					1877AD242BC2A48B00F6741B = {
						CreatedOnToolsVersion = 15.2;
						TestTargetID = 1877AD052BC2A48A00F6741B;
					};
				};
			};
			buildConfigurationList = 1877AD012BC2A48A00F6741B /* Build configuration list for PBXProject "Diary" */;
			compatibilityVersion = "Xcode 14.0";
			developmentRegion = en;
			hasScannedForEncodings = 0;
			knownRegions = (
				en,
				Base,
				hi,
			);
			mainGroup = 1877ACFD2BC2A48A00F6741B;
			productRefGroup = 1877AD072BC2A48A00F6741B /* Products */;
			projectDirPath = "";
			projectRoot = "";
			targets = (
				1877AD052BC2A48A00F6741B /* Diary */,
				1877AD1A2BC2A48B00F6741B /* DiaryTests */,
				1877AD242BC2A48B00F6741B /* DiaryUITests */,
			);
		};
/* End PBXProject section */

/* Begin PBXResourcesBuildPhase section */
		1877AD042BC2A48A00F6741B /* Resources */ = {
			isa = PBXResourcesBuildPhase;
			buildActionMask = 2147483647;
			files = (
				1877AD112BC2A48B00F6741B /* Preview Assets.xcassets in Resources */,
				1877AD0E2BC2A48B00F6741B /* Assets.xcassets in Resources */,
				1828478B2BD144E8004BAF5B /* Localizable.xcstrings in Resources */,
			);
			runOnlyForDeploymentPostprocessing = 0;
		};
		1877AD192BC2A48B00F6741B /* Resources */ = {
			isa = PBXResourcesBuildPhase;
			buildActionMask = 2147483647;
			files = (
			);
			runOnlyForDeploymentPostprocessing = 0;
		};
		1877AD232BC2A48B00F6741B /* Resources */ = {
			isa = PBXResourcesBuildPhase;
			buildActionMask = 2147483647;
			files = (
			);
			runOnlyForDeploymentPostprocessing = 0;
		};
/* End PBXResourcesBuildPhase section */

/* Begin PBXSourcesBuildPhase section */
		1877AD022BC2A48A00F6741B /* Sources */ = {
			isa = PBXSourcesBuildPhase;
			buildActionMask = 2147483647;
			files = (
				182329842BD2AF730023030B /* EarthquakeDetailsView.swift in Sources */,
				1828478E2BD16F2B004BAF5B /* Fonts.swift in Sources */,
				1877AD3D2BC2DEDD00F6741B /* TestView.swift in Sources */,
				18665B1B2BC549BA004E86DF /* LoginView.swift in Sources */,
				1877AD3B2BC2ADE900F6741B /* LaunchScreenView.swift in Sources */,
				18363AAF2BCBE673004ECC3C /* UIDevice+Extension.swift in Sources */,
				182847892BD12590004BAF5B /* ToastView.swift in Sources */,
				1877AD132BC2A48B00F6741B /* Persistence.swift in Sources */,
				182913CC2BC96CC3001F6161 /* CustomViewModifiers.swift in Sources */,
				1877AD0C2BC2A48A00F6741B /* ContentView.swift in Sources */,
				182329822BD2AF5E0023030B /* DiaryDetailsView.swift in Sources */,
				18BD0C7D2BCE854C00A81857 /* Color+Extension.swift in Sources */,
				1877AD0A2BC2A48A00F6741B /* DiaryApp.swift in Sources */,
				18883F1F2BD00F4D004925A5 /* NetworkMonitor.swift in Sources */,
				182847872BD11D61004BAF5B /* DiaryContentView.swift in Sources */,
				182329862BD2AF9B0023030B /* LoginDetailsView.swift in Sources */,
				18363AAD2BCBD8F7004ECC3C /* HoldButton.swift in Sources */,
				182913C42BC94550001F6161 /* LoaderView.swift in Sources */,
				1877AD162BC2A48B00F6741B /* Diary.xcdatamodeld in Sources */,
				1823297D2BD26B0E0023030B /* DiaryTabView.swift in Sources */,
			);
			runOnlyForDeploymentPostprocessing = 0;
		};
		1877AD172BC2A48B00F6741B /* Sources */ = {
			isa = PBXSourcesBuildPhase;
			buildActionMask = 2147483647;
			files = (
				1877AD202BC2A48B00F6741B /* DiaryTests.swift in Sources */,
			);
			runOnlyForDeploymentPostprocessing = 0;
		};
		1877AD212BC2A48B00F6741B /* Sources */ = {
			isa = PBXSourcesBuildPhase;
			buildActionMask = 2147483647;
			files = (
				1877AD2C2BC2A48B00F6741B /* DiaryUITestsLaunchTests.swift in Sources */,
				1877AD2A2BC2A48B00F6741B /* DiaryUITests.swift in Sources */,
			);
			runOnlyForDeploymentPostprocessing = 0;
		};
/* End PBXSourcesBuildPhase section */

/* Begin PBXTargetDependency section */
		1877AD1D2BC2A48B00F6741B /* PBXTargetDependency */ = {
			isa = PBXTargetDependency;
			target = 1877AD052BC2A48A00F6741B /* Diary */;
			targetProxy = 1877AD1C2BC2A48B00F6741B /* PBXContainerItemProxy */;
		};
		1877AD272BC2A48B00F6741B /* PBXTargetDependency */ = {
			isa = PBXTargetDependency;
			target = 1877AD052BC2A48A00F6741B /* Diary */;
			targetProxy = 1877AD262BC2A48B00F6741B /* PBXContainerItemProxy */;
		};
/* End PBXTargetDependency section */

/* Begin XCBuildConfiguration section */
		1877AD2D2BC2A48B00F6741B /* Debug */ = {
			isa = XCBuildConfiguration;
			buildSettings = {
				ALWAYS_SEARCH_USER_PATHS = NO;
				ASSETCATALOG_COMPILER_GENERATE_SWIFT_ASSET_SYMBOL_EXTENSIONS = YES;
				CLANG_ANALYZER_NONNULL = YES;
				CLANG_ANALYZER_NUMBER_OBJECT_CONVERSION = YES_AGGRESSIVE;
				CLANG_CXX_LANGUAGE_STANDARD = "gnu++20";
				CLANG_ENABLE_MODULES = YES;
				CLANG_ENABLE_OBJC_ARC = YES;
				CLANG_ENABLE_OBJC_WEAK = YES;
				CLANG_WARN_BLOCK_CAPTURE_AUTORELEASING = YES;
				CLANG_WARN_BOOL_CONVERSION = YES;
				CLANG_WARN_COMMA = YES;
				CLANG_WARN_CONSTANT_CONVERSION = YES;
				CLANG_WARN_DEPRECATED_OBJC_IMPLEMENTATIONS = YES;
				CLANG_WARN_DIRECT_OBJC_ISA_USAGE = YES_ERROR;
				CLANG_WARN_DOCUMENTATION_COMMENTS = YES;
				CLANG_WARN_EMPTY_BODY = YES;
				CLANG_WARN_ENUM_CONVERSION = YES;
				CLANG_WARN_INFINITE_RECURSION = YES;
				CLANG_WARN_INT_CONVERSION = YES;
				CLANG_WARN_NON_LITERAL_NULL_CONVERSION = YES;
				CLANG_WARN_OBJC_IMPLICIT_RETAIN_SELF = YES;
				CLANG_WARN_OBJC_LITERAL_CONVERSION = YES;
				CLANG_WARN_OBJC_ROOT_CLASS = YES_ERROR;
				CLANG_WARN_QUOTED_INCLUDE_IN_FRAMEWORK_HEADER = YES;
				CLANG_WARN_RANGE_LOOP_ANALYSIS = YES;
				CLANG_WARN_STRICT_PROTOTYPES = YES;
				CLANG_WARN_SUSPICIOUS_MOVE = YES;
				CLANG_WARN_UNGUARDED_AVAILABILITY = YES_AGGRESSIVE;
				CLANG_WARN_UNREACHABLE_CODE = YES;
				CLANG_WARN__DUPLICATE_METHOD_MATCH = YES;
				COPY_PHASE_STRIP = NO;
				DEBUG_INFORMATION_FORMAT = dwarf;
				ENABLE_STRICT_OBJC_MSGSEND = YES;
				ENABLE_TESTABILITY = YES;
				ENABLE_USER_SCRIPT_SANDBOXING = YES;
				GCC_C_LANGUAGE_STANDARD = gnu17;
				GCC_DYNAMIC_NO_PIC = NO;
				GCC_NO_COMMON_BLOCKS = YES;
				GCC_OPTIMIZATION_LEVEL = 0;
				GCC_PREPROCESSOR_DEFINITIONS = (
					"DEBUG=1",
					"$(inherited)",
				);
				GCC_WARN_64_TO_32_BIT_CONVERSION = YES;
				GCC_WARN_ABOUT_RETURN_TYPE = YES_ERROR;
				GCC_WARN_UNDECLARED_SELECTOR = YES;
				GCC_WARN_UNINITIALIZED_AUTOS = YES_AGGRESSIVE;
				GCC_WARN_UNUSED_FUNCTION = YES;
				GCC_WARN_UNUSED_VARIABLE = YES;
				IPHONEOS_DEPLOYMENT_TARGET = 17.2;
				LOCALIZATION_PREFERS_STRING_CATALOGS = YES;
				MTL_ENABLE_DEBUG_INFO = INCLUDE_SOURCE;
				MTL_FAST_MATH = YES;
				ONLY_ACTIVE_ARCH = YES;
				SDKROOT = iphoneos;
				SWIFT_ACTIVE_COMPILATION_CONDITIONS = "DEBUG $(inherited)";
				SWIFT_OPTIMIZATION_LEVEL = "-Onone";
			};
			name = Debug;
		};
		1877AD2E2BC2A48B00F6741B /* Release */ = {
			isa = XCBuildConfiguration;
			buildSettings = {
				ALWAYS_SEARCH_USER_PATHS = NO;
				ASSETCATALOG_COMPILER_GENERATE_SWIFT_ASSET_SYMBOL_EXTENSIONS = YES;
				CLANG_ANALYZER_NONNULL = YES;
				CLANG_ANALYZER_NUMBER_OBJECT_CONVERSION = YES_AGGRESSIVE;
				CLANG_CXX_LANGUAGE_STANDARD = "gnu++20";
				CLANG_ENABLE_MODULES = YES;
				CLANG_ENABLE_OBJC_ARC = YES;
				CLANG_ENABLE_OBJC_WEAK = YES;
				CLANG_WARN_BLOCK_CAPTURE_AUTORELEASING = YES;
				CLANG_WARN_BOOL_CONVERSION = YES;
				CLANG_WARN_COMMA = YES;
				CLANG_WARN_CONSTANT_CONVERSION = YES;
				CLANG_WARN_DEPRECATED_OBJC_IMPLEMENTATIONS = YES;
				CLANG_WARN_DIRECT_OBJC_ISA_USAGE = YES_ERROR;
				CLANG_WARN_DOCUMENTATION_COMMENTS = YES;
				CLANG_WARN_EMPTY_BODY = YES;
				CLANG_WARN_ENUM_CONVERSION = YES;
				CLANG_WARN_INFINITE_RECURSION = YES;
				CLANG_WARN_INT_CONVERSION = YES;
				CLANG_WARN_NON_LITERAL_NULL_CONVERSION = YES;
				CLANG_WARN_OBJC_IMPLICIT_RETAIN_SELF = YES;
				CLANG_WARN_OBJC_LITERAL_CONVERSION = YES;
				CLANG_WARN_OBJC_ROOT_CLASS = YES_ERROR;
				CLANG_WARN_QUOTED_INCLUDE_IN_FRAMEWORK_HEADER = YES;
				CLANG_WARN_RANGE_LOOP_ANALYSIS = YES;
				CLANG_WARN_STRICT_PROTOTYPES = YES;
				CLANG_WARN_SUSPICIOUS_MOVE = YES;
				CLANG_WARN_UNGUARDED_AVAILABILITY = YES_AGGRESSIVE;
				CLANG_WARN_UNREACHABLE_CODE = YES;
				CLANG_WARN__DUPLICATE_METHOD_MATCH = YES;
				COPY_PHASE_STRIP = NO;
				DEBUG_INFORMATION_FORMAT = "dwarf-with-dsym";
				ENABLE_NS_ASSERTIONS = NO;
				ENABLE_STRICT_OBJC_MSGSEND = YES;
				ENABLE_USER_SCRIPT_SANDBOXING = YES;
				GCC_C_LANGUAGE_STANDARD = gnu17;
				GCC_NO_COMMON_BLOCKS = YES;
				GCC_WARN_64_TO_32_BIT_CONVERSION = YES;
				GCC_WARN_ABOUT_RETURN_TYPE = YES_ERROR;
				GCC_WARN_UNDECLARED_SELECTOR = YES;
				GCC_WARN_UNINITIALIZED_AUTOS = YES_AGGRESSIVE;
				GCC_WARN_UNUSED_FUNCTION = YES;
				GCC_WARN_UNUSED_VARIABLE = YES;
				IPHONEOS_DEPLOYMENT_TARGET = 17.2;
				LOCALIZATION_PREFERS_STRING_CATALOGS = YES;
				MTL_ENABLE_DEBUG_INFO = NO;
				MTL_FAST_MATH = YES;
				SDKROOT = iphoneos;
				SWIFT_COMPILATION_MODE = wholemodule;
				VALIDATE_PRODUCT = YES;
			};
			name = Release;
		};
		1877AD302BC2A48B00F6741B /* Debug */ = {
			isa = XCBuildConfiguration;
			buildSettings = {
				ASSETCATALOG_COMPILER_APPICON_NAME = AppIcon;
				ASSETCATALOG_COMPILER_GLOBAL_ACCENT_COLOR_NAME = AccentColor;
				CODE_SIGN_STYLE = Automatic;
				CURRENT_PROJECT_VERSION = 1;
				DEVELOPMENT_ASSET_PATHS = "\"Diary/Preview Content\"";
				ENABLE_PREVIEWS = YES;
				GENERATE_INFOPLIST_FILE = YES;
				INFOPLIST_FILE = Diary/Info.plist;
				INFOPLIST_KEY_UIApplicationSceneManifest_Generation = YES;
				INFOPLIST_KEY_UIApplicationSupportsIndirectInputEvents = YES;
				INFOPLIST_KEY_UISupportedInterfaceOrientations_iPad = "UIInterfaceOrientationPortrait UIInterfaceOrientationPortraitUpsideDown UIInterfaceOrientationLandscapeLeft UIInterfaceOrientationLandscapeRight";
				INFOPLIST_KEY_UISupportedInterfaceOrientations_iPhone = "UIInterfaceOrientationPortrait UIInterfaceOrientationLandscapeLeft UIInterfaceOrientationLandscapeRight";
				LD_RUNPATH_SEARCH_PATHS = (
					"$(inherited)",
					"@executable_path/Frameworks",
				);
				MARKETING_VERSION = 1.0;
				PRODUCT_BUNDLE_IDENTIFIER = com.example.Diary;
				PRODUCT_NAME = "$(TARGET_NAME)";
				SWIFT_EMIT_LOC_STRINGS = YES;
				SWIFT_VERSION = 5.0;
				TARGETED_DEVICE_FAMILY = "1,2";
			};
			name = Debug;
		};
		1877AD312BC2A48B00F6741B /* Release */ = {
			isa = XCBuildConfiguration;
			buildSettings = {
				ASSETCATALOG_COMPILER_APPICON_NAME = AppIcon;
				ASSETCATALOG_COMPILER_GLOBAL_ACCENT_COLOR_NAME = AccentColor;
				CODE_SIGN_STYLE = Automatic;
				CURRENT_PROJECT_VERSION = 1;
				DEVELOPMENT_ASSET_PATHS = "\"Diary/Preview Content\"";
				ENABLE_PREVIEWS = YES;
				GENERATE_INFOPLIST_FILE = YES;
				INFOPLIST_FILE = Diary/Info.plist;
				INFOPLIST_KEY_UIApplicationSceneManifest_Generation = YES;
				INFOPLIST_KEY_UIApplicationSupportsIndirectInputEvents = YES;
				INFOPLIST_KEY_UISupportedInterfaceOrientations_iPad = "UIInterfaceOrientationPortrait UIInterfaceOrientationPortraitUpsideDown UIInterfaceOrientationLandscapeLeft UIInterfaceOrientationLandscapeRight";
				INFOPLIST_KEY_UISupportedInterfaceOrientations_iPhone = "UIInterfaceOrientationPortrait UIInterfaceOrientationLandscapeLeft UIInterfaceOrientationLandscapeRight";
				LD_RUNPATH_SEARCH_PATHS = (
					"$(inherited)",
					"@executable_path/Frameworks",
				);
				MARKETING_VERSION = 1.0;
				PRODUCT_BUNDLE_IDENTIFIER = com.example.Diary;
				PRODUCT_NAME = "$(TARGET_NAME)";
				SWIFT_EMIT_LOC_STRINGS = YES;
				SWIFT_VERSION = 5.0;
				TARGETED_DEVICE_FAMILY = "1,2";
			};
			name = Release;
		};
		1877AD332BC2A48B00F6741B /* Debug */ = {
			isa = XCBuildConfiguration;
			buildSettings = {
				ALWAYS_EMBED_SWIFT_STANDARD_LIBRARIES = YES;
				BUNDLE_LOADER = "$(TEST_HOST)";
				CODE_SIGN_STYLE = Automatic;
				CURRENT_PROJECT_VERSION = 1;
				GENERATE_INFOPLIST_FILE = YES;
				IPHONEOS_DEPLOYMENT_TARGET = 17.2;
				MARKETING_VERSION = 1.0;
				PRODUCT_BUNDLE_IDENTIFIER = com.example.DiaryTests;
				PRODUCT_NAME = "$(TARGET_NAME)";
				SWIFT_EMIT_LOC_STRINGS = NO;
				SWIFT_VERSION = 5.0;
				TARGETED_DEVICE_FAMILY = "1,2";
				TEST_HOST = "$(BUILT_PRODUCTS_DIR)/Diary.app/$(BUNDLE_EXECUTABLE_FOLDER_PATH)/Diary";
			};
			name = Debug;
		};
		1877AD342BC2A48B00F6741B /* Release */ = {
			isa = XCBuildConfiguration;
			buildSettings = {
				ALWAYS_EMBED_SWIFT_STANDARD_LIBRARIES = YES;
				BUNDLE_LOADER = "$(TEST_HOST)";
				CODE_SIGN_STYLE = Automatic;
				CURRENT_PROJECT_VERSION = 1;
				GENERATE_INFOPLIST_FILE = YES;
				IPHONEOS_DEPLOYMENT_TARGET = 17.2;
				MARKETING_VERSION = 1.0;
				PRODUCT_BUNDLE_IDENTIFIER = com.example.DiaryTests;
				PRODUCT_NAME = "$(TARGET_NAME)";
				SWIFT_EMIT_LOC_STRINGS = NO;
				SWIFT_VERSION = 5.0;
				TARGETED_DEVICE_FAMILY = "1,2";
				TEST_HOST = "$(BUILT_PRODUCTS_DIR)/Diary.app/$(BUNDLE_EXECUTABLE_FOLDER_PATH)/Diary";
			};
			name = Release;
		};
		1877AD362BC2A48B00F6741B /* Debug */ = {
			isa = XCBuildConfiguration;
			buildSettings = {
				ALWAYS_EMBED_SWIFT_STANDARD_LIBRARIES = YES;
				CODE_SIGN_STYLE = Automatic;
				CURRENT_PROJECT_VERSION = 1;
				GENERATE_INFOPLIST_FILE = YES;
				MARKETING_VERSION = 1.0;
				PRODUCT_BUNDLE_IDENTIFIER = com.example.DiaryUITests;
				PRODUCT_NAME = "$(TARGET_NAME)";
				SWIFT_EMIT_LOC_STRINGS = NO;
				SWIFT_VERSION = 5.0;
				TARGETED_DEVICE_FAMILY = "1,2";
				TEST_TARGET_NAME = Diary;
			};
			name = Debug;
		};
		1877AD372BC2A48B00F6741B /* Release */ = {
			isa = XCBuildConfiguration;
			buildSettings = {
				ALWAYS_EMBED_SWIFT_STANDARD_LIBRARIES = YES;
				CODE_SIGN_STYLE = Automatic;
				CURRENT_PROJECT_VERSION = 1;
				GENERATE_INFOPLIST_FILE = YES;
				MARKETING_VERSION = 1.0;
				PRODUCT_BUNDLE_IDENTIFIER = com.example.DiaryUITests;
				PRODUCT_NAME = "$(TARGET_NAME)";
				SWIFT_EMIT_LOC_STRINGS = NO;
				SWIFT_VERSION = 5.0;
				TARGETED_DEVICE_FAMILY = "1,2";
				TEST_TARGET_NAME = Diary;
			};
			name = Release;
		};
/* End XCBuildConfiguration section */

/* Begin XCConfigurationList section */
		1877AD012BC2A48A00F6741B /* Build configuration list for PBXProject "Diary" */ = {
			isa = XCConfigurationList;
			buildConfigurations = (
				1877AD2D2BC2A48B00F6741B /* Debug */,
				1877AD2E2BC2A48B00F6741B /* Release */,
			);
			defaultConfigurationIsVisible = 0;
			defaultConfigurationName = Release;
		};
		1877AD2F2BC2A48B00F6741B /* Build configuration list for PBXNativeTarget "Diary" */ = {
			isa = XCConfigurationList;
			buildConfigurations = (
				1877AD302BC2A48B00F6741B /* Debug */,
				1877AD312BC2A48B00F6741B /* Release */,
			);
			defaultConfigurationIsVisible = 0;
			defaultConfigurationName = Release;
		};
		1877AD322BC2A48B00F6741B /* Build configuration list for PBXNativeTarget "DiaryTests" */ = {
			isa = XCConfigurationList;
			buildConfigurations = (
				1877AD332BC2A48B00F6741B /* Debug */,
				1877AD342BC2A48B00F6741B /* Release */,
			);
			defaultConfigurationIsVisible = 0;
			defaultConfigurationName = Release;
		};
		1877AD352BC2A48B00F6741B /* Build configuration list for PBXNativeTarget "DiaryUITests" */ = {
			isa = XCConfigurationList;
			buildConfigurations = (
				1877AD362BC2A48B00F6741B /* Debug */,
				1877AD372BC2A48B00F6741B /* Release */,
			);
			defaultConfigurationIsVisible = 0;
			defaultConfigurationName = Release;
		};
/* End XCConfigurationList section */

/* Begin XCVersionGroup section */
		1877AD142BC2A48B00F6741B /* Diary.xcdatamodeld */ = {
			isa = XCVersionGroup;
			children = (
				1877AD152BC2A48B00F6741B /* Diary.xcdatamodel */,
			);
			currentVersion = 1877AD152BC2A48B00F6741B /* Diary.xcdatamodel */;
			path = Diary.xcdatamodeld;
			sourceTree = "<group>";
			versionGroupType = wrapper.xcdatamodel;
		};
/* End XCVersionGroup section */
	};
	rootObject = 1877ACFE2BC2A48A00F6741B /* Project object */;
}
